// !$*UTF8*$!
{
	archiveVersion = 1;
	classes = {
	};
	objectVersion = 77;
	objects = {

/* Begin PBXContainerItemProxy section */
		2437D5D42DDA1E530054D5AD /* PBXContainerItemProxy */ = {
			isa = PBXContainerItemProxy;
			containerPortal = 2437D5B22DDA1E510054D5AD /* Project object */;
			proxyType = 1;
			remoteGlobalIDString = 2437D5B92DDA1E510054D5AD;
			remoteInfo = plantify;
		};
		2437D5DE2DDA1E530054D5AD /* PBXContainerItemProxy */ = {
			isa = PBXContainerItemProxy;
			containerPortal = 2437D5B22DDA1E510054D5AD /* Project object */;
			proxyType = 1;
			remoteGlobalIDString = 2437D5B92DDA1E510054D5AD;
			remoteInfo = plantify;
		};
/* End PBXContainerItemProxy section */

/* Begin PBXFileReference section */
		2437D5BA2DDA1E510054D5AD /* plantify.app */ = {isa = PBXFileReference; explicitFileType = wrapper.application; includeInIndex = 0; path = plantify.app; sourceTree = BUILT_PRODUCTS_DIR; };
		2437D5D32DDA1E530054D5AD /* plantifyTests.xctest */ = {isa = PBXFileReference; explicitFileType = wrapper.cfbundle; includeInIndex = 0; path = plantifyTests.xctest; sourceTree = BUILT_PRODUCTS_DIR; };
		2437D5DD2DDA1E530054D5AD /* plantifyUITests.xctest */ = {isa = PBXFileReference; explicitFileType = wrapper.cfbundle; includeInIndex = 0; path = plantifyUITests.xctest; sourceTree = BUILT_PRODUCTS_DIR; };
/* End PBXFileReference section */

/* Begin PBXFrameworksBuildPhase section */
		2437D5B72DDA1E510054D5AD /* Frameworks */ = {
			isa = PBXFrameworksBuildPhase;
			buildActionMask = 2147483647;
			files = (
			);
			runOnlyForDeploymentPostprocessing = 0;
		};
		2437D5D02DDA1E530054D5AD /* Frameworks */ = {
			isa = PBXFrameworksBuildPhase;
			buildActionMask = 2147483647;
			files = (
			);
			runOnlyForDeploymentPostprocessing = 0;
		};
		2437D5DA2DDA1E530054D5AD /* Frameworks */ = {
			isa = PBXFrameworksBuildPhase;
			buildActionMask = 2147483647;
			files = (
			);
			runOnlyForDeploymentPostprocessing = 0;
		};
/* End PBXFrameworksBuildPhase section */

/* Begin PBXGroup section */
		2437D5B12DDA1E510054D5AD = {
			isa = PBXGroup;
			children = (
				2437D5BC2DDA1E510054D5AD /* plantify */,
				2437D5D62DDA1E530054D5AD /* plantifyTests */,
				2437D5E02DDA1E530054D5AD /* plantifyUITests */,
				2437D5BB2DDA1E510054D5AD /* Products */,
			);
			sourceTree = "<group>";
		};
		2437D5BB2DDA1E510054D5AD /* Products */ = {
			isa = PBXGroup;
			children = (
				2437D5BA2DDA1E510054D5AD /* plantify.app */,
				2437D5D32DDA1E530054D5AD /* plantifyTests.xctest */,
				2437D5DD2DDA1E530054D5AD /* plantifyUITests.xctest */,
			);
			name = Products;
			sourceTree = "<group>";
		};
		2437D5BC2DDA1E510054D5AD /* plantify */ = {
			isa = PBXGroup;
			children = (
			);
			path = plantify;
			sourceTree = "<group>";
		};
		2437D5D62DDA1E530054D5AD /* plantifyTests */ = {
			isa = PBXGroup;
			children = (
			);
			path = plantifyTests;
			sourceTree = "<group>";
		};
		2437D5E02DDA1E530054D5AD /* plantifyUITests */ = {
			isa = PBXGroup;
			children = (
			);
			path = plantifyUITests;
			sourceTree = "<group>";
		};
/* End PBXGroup section */

/* Begin PBXNativeTarget section */
		2437D5B92DDA1E510054D5AD /* plantify */ = {
			isa = PBXNativeTarget;
			buildConfigurationList = 2437D5E62DDA1E530054D5AD /* Build configuration list for PBXNativeTarget "plantify" */;
			buildPhases = (
				2437D5B62DDA1E510054D5AD /* Sources */,
				2437D5B72DDA1E510054D5AD /* Frameworks */,
				2437D5B82DDA1E510054D5AD /* Resources */,
			);
			buildRules = (
			);
			dependencies = (
			);
			fileSystemSynchronizedGroups = (
				2437D5BC2DDA1E510054D5AD /* plantify */,
			);
			name = plantify;
			packageProductDependencies = (
			);
			productName = plantify;
			productReference = 2437D5BA2DDA1E510054D5AD /* plantify.app */;
			productType = "com.apple.product-type.application";
		};
		2437D5D22DDA1E530054D5AD /* plantifyTests */ = {
			isa = PBXNativeTarget;
			buildConfigurationList = 2437D5EB2DDA1E530054D5AD /* Build configuration list for PBXNativeTarget "plantifyTests" */;
			buildPhases = (
				2437D5CF2DDA1E530054D5AD /* Sources */,
				2437D5D02DDA1E530054D5AD /* Frameworks */,
				2437D5D12DDA1E530054D5AD /* Resources */,
			);
			buildRules = (
			);
			dependencies = (
				2437D5D52DDA1E530054D5AD /* PBXTargetDependency */,
			);
			fileSystemSynchronizedGroups = (
				2437D5D62DDA1E530054D5AD /* plantifyTests */,
			);
			name = plantifyTests;
			packageProductDependencies = (
			);
			productName = plantifyTests;
			productReference = 2437D5D32DDA1E530054D5AD /* plantifyTests.xctest */;
			productType = "com.apple.product-type.bundle.unit-test";
		};
		2437D5DC2DDA1E530054D5AD /* plantifyUITests */ = {
			isa = PBXNativeTarget;
			buildConfigurationList = 2437D5EE2DDA1E530054D5AD /* Build configuration list for PBXNativeTarget "plantifyUITests" */;
			buildPhases = (
				2437D5D92DDA1E530054D5AD /* Sources */,
				2437D5DA2DDA1E530054D5AD /* Frameworks */,
				2437D5DB2DDA1E530054D5AD /* Resources */,
			);
			buildRules = (
			);
			dependencies = (
				2437D5DF2DDA1E530054D5AD /* PBXTargetDependency */,
			);
			fileSystemSynchronizedGroups = (
				2437D5E02DDA1E530054D5AD /* plantifyUITests */,
			);
			name = plantifyUITests;
			packageProductDependencies = (
			);
			productName = plantifyUITests;
			productReference = 2437D5DD2DDA1E530054D5AD /* plantifyUITests.xctest */;
			productType = "com.apple.product-type.bundle.ui-testing";
		};
/* End PBXNativeTarget section */

/* Begin PBXProject section */
		2437D5B22DDA1E510054D5AD /* Project object */ = {
			isa = PBXProject;
			attributes = {
				BuildIndependentTargetsInParallel = 1;
				LastSwiftUpdateCheck = 1630;
				LastUpgradeCheck = 1630;
				TargetAttributes = {
					2437D5B92DDA1E510054D5AD = {
						CreatedOnToolsVersion = 16.3;
					};
					2437D5D22DDA1E530054D5AD = {
						CreatedOnToolsVersion = 16.3;
						TestTargetID = 2437D5B92DDA1E510054D5AD;
					};
					2437D5DC2DDA1E530054D5AD = {
						CreatedOnToolsVersion = 16.3;
						TestTargetID = 2437D5B92DDA1E510054D5AD;
					};
				};
			};
			buildConfigurationList = 2437D5B52DDA1E510054D5AD /* Build configuration list for PBXProject "plantify" */;
			developmentRegion = en;
			hasScannedForEncodings = 0;
			knownRegions = (
				en,
				Base,
			);
			mainGroup = 2437D5B12DDA1E510054D5AD;
			minimizedProjectReferenceProxies = 1;
			preferredProjectObjectVersion = 77;
			productRefGroup = 2437D5BB2DDA1E510054D5AD /* Products */;
			projectDirPath = "";
			projectRoot = "";
			targets = (
				2437D5B92DDA1E510054D5AD /* plantify */,
				2437D5D22DDA1E530054D5AD /* plantifyTests */,
				2437D5DC2DDA1E530054D5AD /* plantifyUITests */,
			);
		};
/* End PBXProject section */

/* Begin PBXResourcesBuildPhase section */
		2437D5B82DDA1E510054D5AD /* Resources */ = {
			isa = PBXResourcesBuildPhase;
			buildActionMask = 2147483647;
			files = (
			);
			runOnlyForDeploymentPostprocessing = 0;
		};
		2437D5D12DDA1E530054D5AD /* Resources */ = {
			isa = PBXResourcesBuildPhase;
			buildActionMask = 2147483647;
			files = (
			);
			runOnlyForDeploymentPostprocessing = 0;
		};
		2437D5DB2DDA1E530054D5AD /* Resources */ = {
			isa = PBXResourcesBuildPhase;
			buildActionMask = 2147483647;
			files = (
			);
			runOnlyForDeploymentPostprocessing = 0;
		};
/* End PBXResourcesBuildPhase section */

/* Begin PBXSourcesBuildPhase section */
		2437D5B62DDA1E510054D5AD /* Sources */ = {
			isa = PBXSourcesBuildPhase;
			buildActionMask = 2147483647;
			files = (
			);
			runOnlyForDeploymentPostprocessing = 0;
		};
		2437D5CF2DDA1E530054D5AD /* Sources */ = {
			isa = PBXSourcesBuildPhase;
			buildActionMask = 2147483647;
			files = (
			);
			runOnlyForDeploymentPostprocessing = 0;
		};
		2437D5D92DDA1E530054D5AD /* Sources */ = {
			isa = PBXSourcesBuildPhase;
			buildActionMask = 2147483647;
			files = (
			);
			runOnlyForDeploymentPostprocessing = 0;
		};
/* End PBXSourcesBuildPhase section */

/* Begin PBXTargetDependency section */
		2437D5D52DDA1E530054D5AD /* PBXTargetDependency */ = {
			isa = PBXTargetDependency;
			target = 2437D5B92DDA1E510054D5AD /* plantify */;
			targetProxy = 2437D5D42DDA1E530054D5AD /* PBXContainerItemProxy */;
		};
		2437D5DF2DDA1E530054D5AD /* PBXTargetDependency */ = {
			isa = PBXTargetDependency;
			target = 2437D5B92DDA1E510054D5AD /* plantify */;
			targetProxy = 2437D5DE2DDA1E530054D5AD /* PBXContainerItemProxy */;
		};
/* End PBXTargetDependency section */

/* Begin XCBuildConfiguration section */
		2437D5E72DDA1E530054D5AD /* Debug */ = {
			isa = XCBuildConfiguration;
			buildSettings = {
				ASSETCATALOG_COMPILER_APPICON_NAME = AppIcon;
				ASSETCATALOG_COMPILER_GLOBAL_ACCENT_COLOR_NAME = AccentColor;
				CODE_SIGN_STYLE = Automatic;
				CURRENT_PROJECT_VERSION = 1;
				DEVELOPMENT_TEAM = 8NLGQWPK3V;
				GENERATE_INFOPLIST_FILE = YES;
				INFOPLIST_FILE = plantify/Info.plist;
				INFOPLIST_KEY_UIApplicationSupportsIndirectInputEvents = YES;
				INFOPLIST_KEY_UILaunchStoryboardName = LaunchScreen;
				INFOPLIST_KEY_UIMainStoryboardFile = Main;
				INFOPLIST_KEY_UISupportedInterfaceOrientations_iPad = "UIInterfaceOrientationPortrait UIInterfaceOrientationPortraitUpsideDown UIInterfaceOrientationLandscapeLeft UIInterfaceOrientationLandscapeRight";
				INFOPLIST_KEY_UISupportedInterfaceOrientations_iPhone = "UIInterfaceOrientationPortrait UIInterfaceOrientationLandscapeLeft UIInterfaceOrientationLandscapeRight";
				LD_RUNPATH_SEARCH_PATHS = (
					"$(inherited)",
					"@executable_path/Frameworks",
				);
				MARKETING_VERSION = 1.0;
				PRODUCT_BUNDLE_IDENTIFIER = "-.plantify";
				PRODUCT_NAME = "$(TARGET_NAME)";
				SWIFT_EMIT_LOC_STRINGS = YES;
				SWIFT_VERSION = 5.0;
				TARGETED_DEVICE_FAMILY = "1,2";
			};
			name = Debug;
		};
		2437D5E82DDA1E530054D5AD /* Release */ = {
			isa = XCBuildConfiguration;
			buildSettings = {
				ASSETCATALOG_COMPILER_APPICON_NAME = AppIcon;
				ASSETCATALOG_COMPILER_GLOBAL_ACCENT_COLOR_NAME = AccentColor;
				CODE_SIGN_STYLE = Automatic;
				CURRENT_PROJECT_VERSION = 1;
				DEVELOPMENT_TEAM = 8NLGQWPK3V;
				GENERATE_INFOPLIST_FILE = YES;
				INFOPLIST_FILE = plantify/Info.plist;
				INFOPLIST_KEY_UIApplicationSupportsIndirectInputEvents = YES;
				INFOPLIST_KEY_UILaunchStoryboardName = LaunchScreen;
				INFOPLIST_KEY_UIMainStoryboardFile = Main;
				INFOPLIST_KEY_UISupportedInterfaceOrientations_iPad = "UIInterfaceOrientationPortrait UIInterfaceOrientationPortraitUpsideDown UIInterfaceOrientationLandscapeLeft UIInterfaceOrientationLandscapeRight";
				INFOPLIST_KEY_UISupportedInterfaceOrientations_iPhone = "UIInterfaceOrientationPortrait UIInterfaceOrientationLandscapeLeft UIInterfaceOrientationLandscapeRight";
				LD_RUNPATH_SEARCH_PATHS = (
					"$(inherited)",
					"@executable_path/Frameworks",
				);
				MARKETING_VERSION = 1.0;
				PRODUCT_BUNDLE_IDENTIFIER = "-.plantify";
				PRODUCT_NAME = "$(TARGET_NAME)";
				SWIFT_EMIT_LOC_STRINGS = YES;
				SWIFT_VERSION = 5.0;
				TARGETED_DEVICE_FAMILY = "1,2";
			};
			name = Release;
		};
		2437D5E92DDA1E530054D5AD /* Debug */ = {
			isa = XCBuildConfiguration;
			buildSettings = {
				ALWAYS_SEARCH_USER_PATHS = NO;
				ASSETCATALOG_COMPILER_GENERATE_SWIFT_ASSET_SYMBOL_EXTENSIONS = YES;
				CLANG_ANALYZER_NONNULL = YES;
				CLANG_ANALYZER_NUMBER_OBJECT_CONVERSION = YES_AGGRESSIVE;
				CLANG_CXX_LANGUAGE_STANDARD = "gnu++20";
				CLANG_ENABLE_MODULES = YES;
				CLANG_ENABLE_OBJC_ARC = YES;
				CLANG_ENABLE_OBJC_WEAK = YES;
				CLANG_WARN_BLOCK_CAPTURE_AUTORELEASING = YES;
				CLANG_WARN_BOOL_CONVERSION = YES;
				CLANG_WARN_COMMA = YES;
				CLANG_WARN_CONSTANT_CONVERSION = YES;
				CLANG_WARN_DEPRECATED_OBJC_IMPLEMENTATIONS = YES;
				CLANG_WARN_DIRECT_OBJC_ISA_USAGE = YES_ERROR;
				CLANG_WARN_DOCUMENTATION_COMMENTS = YES;
				CLANG_WARN_EMPTY_BODY = YES;
				CLANG_WARN_ENUM_CONVERSION = YES;
				CLANG_WARN_INFINITE_RECURSION = YES;
				CLANG_WARN_INT_CONVERSION = YES;
				CLANG_WARN_NON_LITERAL_NULL_CONVERSION = YES;
				CLANG_WARN_OBJC_IMPLICIT_RETAIN_SELF = YES;
				CLANG_WARN_OBJC_LITERAL_CONVERSION = YES;
				CLANG_WARN_OBJC_ROOT_CLASS = YES_ERROR;
				CLANG_WARN_QUOTED_INCLUDE_IN_FRAMEWORK_HEADER = YES;
				CLANG_WARN_RANGE_LOOP_ANALYSIS = YES;
				CLANG_WARN_STRICT_PROTOTYPES = YES;
				CLANG_WARN_SUSPICIOUS_MOVE = YES;
				CLANG_WARN_UNGUARDED_AVAILABILITY = YES_AGGRESSIVE;
				CLANG_WARN_UNREACHABLE_CODE = YES;
				CLANG_WARN__DUPLICATE_METHOD_MATCH = YES;
				COPY_PHASE_STRIP = NO;
				DEBUG_INFORMATION_FORMAT = dwarf;
				DEVELOPMENT_TEAM = 8NLGQWPK3V;
				ENABLE_STRICT_OBJC_MSGSEND = YES;
				ENABLE_TESTABILITY = YES;
				ENABLE_USER_SCRIPT_SANDBOXING = YES;
				GCC_C_LANGUAGE_STANDARD = gnu17;
				GCC_DYNAMIC_NO_PIC = NO;
				GCC_NO_COMMON_BLOCKS = YES;
				GCC_OPTIMIZATION_LEVEL = 0;
				GCC_PREPROCESSOR_DEFINITIONS = (
					"DEBUG=1",
					"$(inherited)",
				);
				GCC_WARN_64_TO_32_BIT_CONVERSION = YES;
				GCC_WARN_ABOUT_RETURN_TYPE = YES_ERROR;
				GCC_WARN_UNDECLARED_SELECTOR = YES;
				GCC_WARN_UNINITIALIZED_AUTOS = YES_AGGRESSIVE;
				GCC_WARN_UNUSED_FUNCTION = YES;
				GCC_WARN_UNUSED_VARIABLE = YES;
				IPHONEOS_DEPLOYMENT_TARGET = 17.6;
				LOCALIZATION_PREFERS_STRING_CATALOGS = YES;
				MTL_ENABLE_DEBUG_INFO = INCLUDE_SOURCE;
				MTL_FAST_MATH = YES;
				ONLY_ACTIVE_ARCH = YES;
				SDKROOT = iphoneos;
				SWIFT_ACTIVE_COMPILATION_CONDITIONS = "DEBUG $(inherited)";
				SWIFT_OPTIMIZATION_LEVEL = "-Onone";
			};
			name = Debug;
		};
		2437D5EA2DDA1E530054D5AD /* Release */ = {
			isa = XCBuildConfiguration;
			buildSettings = {
				ALWAYS_SEARCH_USER_PATHS = NO;
				ASSETCATALOG_COMPILER_GENERATE_SWIFT_ASSET_SYMBOL_EXTENSIONS = YES;
				CLANG_ANALYZER_NONNULL = YES;
				CLANG_ANALYZER_NUMBER_OBJECT_CONVERSION = YES_AGGRESSIVE;
				CLANG_CXX_LANGUAGE_STANDARD = "gnu++20";
				CLANG_ENABLE_MODULES = YES;
				CLANG_ENABLE_OBJC_ARC = YES;
				CLANG_ENABLE_OBJC_WEAK = YES;
				CLANG_WARN_BLOCK_CAPTURE_AUTORELEASING = YES;
				CLANG_WARN_BOOL_CONVERSION = YES;
				CLANG_WARN_COMMA = YES;
				CLANG_WARN_CONSTANT_CONVERSION = YES;
				CLANG_WARN_DEPRECATED_OBJC_IMPLEMENTATIONS = YES;
				CLANG_WARN_DIRECT_OBJC_ISA_USAGE = YES_ERROR;
				CLANG_WARN_DOCUMENTATION_COMMENTS = YES;
				CLANG_WARN_EMPTY_BODY = YES;
				CLANG_WARN_ENUM_CONVERSION = YES;
				CLANG_WARN_INFINITE_RECURSION = YES;
				CLANG_WARN_INT_CONVERSION = YES;
				CLANG_WARN_NON_LITERAL_NULL_CONVERSION = YES;
				CLANG_WARN_OBJC_IMPLICIT_RETAIN_SELF = YES;
				CLANG_WARN_OBJC_LITERAL_CONVERSION = YES;
				CLANG_WARN_OBJC_ROOT_CLASS = YES_ERROR;
				CLANG_WARN_QUOTED_INCLUDE_IN_FRAMEWORK_HEADER = YES;
				CLANG_WARN_RANGE_LOOP_ANALYSIS = YES;
				CLANG_WARN_STRICT_PROTOTYPES = YES;
				CLANG_WARN_SUSPICIOUS_MOVE = YES;
				CLANG_WARN_UNGUARDED_AVAILABILITY = YES_AGGRESSIVE;
				CLANG_WARN_UNREACHABLE_CODE = YES;
				CLANG_WARN__DUPLICATE_METHOD_MATCH = YES;
				COPY_PHASE_STRIP = NO;
				DEBUG_INFORMATION_FORMAT = "dwarf-with-dsym";
				DEVELOPMENT_TEAM = 8NLGQWPK3V;
				ENABLE_NS_ASSERTIONS = NO;
				ENABLE_STRICT_OBJC_MSGSEND = YES;
				ENABLE_USER_SCRIPT_SANDBOXING = YES;
				GCC_C_LANGUAGE_STANDARD = gnu17;
				GCC_NO_COMMON_BLOCKS = YES;
				GCC_WARN_64_TO_32_BIT_CONVERSION = YES;
				GCC_WARN_ABOUT_RETURN_TYPE = YES_ERROR;
				GCC_WARN_UNDECLARED_SELECTOR = YES;
				GCC_WARN_UNINITIALIZED_AUTOS = YES_AGGRESSIVE;
				GCC_WARN_UNUSED_FUNCTION = YES;
				GCC_WARN_UNUSED_VARIABLE = YES;
				IPHONEOS_DEPLOYMENT_TARGET = 17.6;
				LOCALIZATION_PREFERS_STRING_CATALOGS = YES;
				MTL_ENABLE_DEBUG_INFO = NO;
				MTL_FAST_MATH = YES;
				SDKROOT = iphoneos;
				SWIFT_COMPILATION_MODE = wholemodule;
				VALIDATE_PRODUCT = YES;
			};
			name = Release;
		};
		2437D5EC2DDA1E530054D5AD /* Debug */ = {
			isa = XCBuildConfiguration;
			buildSettings = {
				BUNDLE_LOADER = "$(TEST_HOST)";
				CODE_SIGN_STYLE = Automatic;
				CURRENT_PROJECT_VERSION = 1;
				DEVELOPMENT_TEAM = 8NLGQWPK3V;
				GENERATE_INFOPLIST_FILE = YES;
				IPHONEOS_DEPLOYMENT_TARGET = 18.4;
				MARKETING_VERSION = 1.0;
				PRODUCT_BUNDLE_IDENTIFIER = "-.plantifyTests";
				PRODUCT_NAME = "$(TARGET_NAME)";
				SWIFT_EMIT_LOC_STRINGS = NO;
				SWIFT_VERSION = 5.0;
				TARGETED_DEVICE_FAMILY = "1,2";
				TEST_HOST = "$(BUILT_PRODUCTS_DIR)/plantify.app/$(BUNDLE_EXECUTABLE_FOLDER_PATH)/plantify";
			};
			name = Debug;
		};
		2437D5ED2DDA1E530054D5AD /* Release */ = {
			isa = XCBuildConfiguration;
			buildSettings = {
				BUNDLE_LOADER = "$(TEST_HOST)";
				CODE_SIGN_STYLE = Automatic;
				CURRENT_PROJECT_VERSION = 1;
				DEVELOPMENT_TEAM = 8NLGQWPK3V;
				GENERATE_INFOPLIST_FILE = YES;
				IPHONEOS_DEPLOYMENT_TARGET = 18.4;
				MARKETING_VERSION = 1.0;
				PRODUCT_BUNDLE_IDENTIFIER = "-.plantifyTests";
				PRODUCT_NAME = "$(TARGET_NAME)";
				SWIFT_EMIT_LOC_STRINGS = NO;
				SWIFT_VERSION = 5.0;
				TARGETED_DEVICE_FAMILY = "1,2";
				TEST_HOST = "$(BUILT_PRODUCTS_DIR)/plantify.app/$(BUNDLE_EXECUTABLE_FOLDER_PATH)/plantify";
			};
			name = Release;
		};
		2437D5EF2DDA1E530054D5AD /* Debug */ = {
			isa = XCBuildConfiguration;
			buildSettings = {
				CODE_SIGN_STYLE = Automatic;
				CURRENT_PROJECT_VERSION = 1;
				DEVELOPMENT_TEAM = 8NLGQWPK3V;
				GENERATE_INFOPLIST_FILE = YES;
				MARKETING_VERSION = 1.0;
				PRODUCT_BUNDLE_IDENTIFIER = "-.plantifyUITests";
				PRODUCT_NAME = "$(TARGET_NAME)";
				SWIFT_EMIT_LOC_STRINGS = NO;
				SWIFT_VERSION = 5.0;
				TARGETED_DEVICE_FAMILY = "1,2";
				TEST_TARGET_NAME = plantify;
			};
			name = Debug;
		};
		2437D5F02DDA1E530054D5AD /* Release */ = {
			isa = XCBuildConfiguration;
			buildSettings = {
				CODE_SIGN_STYLE = Automatic;
				CURRENT_PROJECT_VERSION = 1;
				DEVELOPMENT_TEAM = 8NLGQWPK3V;
				GENERATE_INFOPLIST_FILE = YES;
				MARKETING_VERSION = 1.0;
				PRODUCT_BUNDLE_IDENTIFIER = "-.plantifyUITests";
				PRODUCT_NAME = "$(TARGET_NAME)";
				SWIFT_EMIT_LOC_STRINGS = NO;
				SWIFT_VERSION = 5.0;
				TARGETED_DEVICE_FAMILY = "1,2";
				TEST_TARGET_NAME = plantify;
			};
			name = Release;
		};
/* End XCBuildConfiguration section */

/* Begin XCConfigurationList section */
		2437D5B52DDA1E510054D5AD /* Build configuration list for PBXProject "plantify" */ = {
			isa = XCConfigurationList;
			buildConfigurations = (
				2437D5E92DDA1E530054D5AD /* Debug */,
				2437D5EA2DDA1E530054D5AD /* Release */,
			);
			defaultConfigurationIsVisible = 0;
			defaultConfigurationName = Release;
		};
		2437D5E62DDA1E530054D5AD /* Build configuration list for PBXNativeTarget "plantify" */ = {
			isa = XCConfigurationList;
			buildConfigurations = (
				2437D5E72DDA1E530054D5AD /* Debug */,
				2437D5E82DDA1E530054D5AD /* Release */,
			);
			defaultConfigurationIsVisible = 0;
			defaultConfigurationName = Release;
		};
		2437D5EB2DDA1E530054D5AD /* Build configuration list for PBXNativeTarget "plantifyTests" */ = {
			isa = XCConfigurationList;
			buildConfigurations = (
				2437D5EC2DDA1E530054D5AD /* Debug */,
				2437D5ED2DDA1E530054D5AD /* Release */,
			);
			defaultConfigurationIsVisible = 0;
			defaultConfigurationName = Release;
		};
		2437D5EE2DDA1E530054D5AD /* Build configuration list for PBXNativeTarget "plantifyUITests" */ = {
			isa = XCConfigurationList;
			buildConfigurations = (
				2437D5EF2DDA1E530054D5AD /* Debug */,
				2437D5F02DDA1E530054D5AD /* Release */,
			);
			defaultConfigurationIsVisible = 0;
			defaultConfigurationName = Release;
		};
/* End XCConfigurationList section */
	};
	rootObject = 2437D5B22DDA1E510054D5AD /* Project object */;
}
